
Microsoft Visual Studio Solution File, Format Version 12.00
# Visual Studio Version 16
VisualStudioVersion = 16.0.30503.244
MinimumVisualStudioVersion = 10.0.40219.1
Project("{FAE04EC0-301F-11D3-BF4B-00C04F79EFBC}") = "TestProject", "TestProject\TestProject.csproj", "{99F04A67-555F-46DD-9090-1E0B0063668E}"
EndProject
Global
	GlobalSection(SolutionConfigurationPlatforms) = preSolution
		Debug|Any CPU = Debug|Any CPU
		Release|Any CPU = Release|Any CPU
	EndGlobalSection
	GlobalSection(ProjectConfigurationPlatforms) = postSolution
		{99F04A67-555F-46DD-9090-1E0B0063668E}.Debug|Any CPU.ActiveCfg = Debug|Any CPU
		{99F04A67-555F-46DD-9090-1E0B0063668E}.Debug|Any CPU.Build.0 = Debug|Any CPU
		{99F04A67-555F-46DD-9090-1E0B0063668E}.Release|Any CPU.ActiveCfg = Release|Any CPU
		{99F04A67-555F-46DD-9090-1E0B0063668E}.Release|Any CPU.Build.0 = Release|Any CPU
	EndGlobalSection
	GlobalSection(SolutionProperties) = preSolution
		HideSolutionNode = FALSE
	EndGlobalSection
	GlobalSection(ExtensibilityGlobals) = postSolution
		SolutionGuid = {47980F17-8410-4982-9359-081E8D1D2E62}
	EndGlobalSection
EndGlobal
